// !$*UTF8*$!
{
	archiveVersion = 1;
	classes = {
	};
	objectVersion = 46;
	objects = {

/* Begin PBXBuildFile section */
		2B6485BF219E01CAE65B83E2 /* Pods_SwiftZhiHuDayly.framework in Frameworks */ = {isa = PBXBuildFile; fileRef = 9D67DD004EC2CAB3922EC2DB /* Pods_SwiftZhiHuDayly.framework */; };
		93981BD01DEDCFC000421EB0 /* SplashVC.swift in Sources */ = {isa = PBXBuildFile; fileRef = 93981BCE1DEDCFC000421EB0 /* SplashVC.swift */; };
		93981BD51DEDD19F00421EB0 /* Splash.storyboard in Resources */ = {isa = PBXBuildFile; fileRef = 93981BD41DEDD19F00421EB0 /* Splash.storyboard */; };
		93A9303B1DED7579008476A0 /* AppDelegate.swift in Sources */ = {isa = PBXBuildFile; fileRef = 93A9303A1DED7579008476A0 /* AppDelegate.swift */; };
		93A930421DED7579008476A0 /* Assets.xcassets in Resources */ = {isa = PBXBuildFile; fileRef = 93A930411DED7579008476A0 /* Assets.xcassets */; };
		93A930451DED7579008476A0 /* LaunchScreen.storyboard in Resources */ = {isa = PBXBuildFile; fileRef = 93A930431DED7579008476A0 /* LaunchScreen.storyboard */; };
		93A930501DED7579008476A0 /* SwiftZhiHuDaylyTests.swift in Sources */ = {isa = PBXBuildFile; fileRef = 93A9304F1DED7579008476A0 /* SwiftZhiHuDaylyTests.swift */; };
/* End PBXBuildFile section */

/* Begin PBXContainerItemProxy section */
		93A9304C1DED7579008476A0 /* PBXContainerItemProxy */ = {
			isa = PBXContainerItemProxy;
			containerPortal = 93A9302F1DED7579008476A0 /* Project object */;
			proxyType = 1;
			remoteGlobalIDString = 93A930361DED7579008476A0;
			remoteInfo = SwiftZhiHuDayly;
		};
/* End PBXContainerItemProxy section */

/* Begin PBXFileReference section */
		4D116B531AB78E303AC01B38 /* Pods-SwiftZhiHuDayly.debug.xcconfig */ = {isa = PBXFileReference; includeInIndex = 1; lastKnownFileType = text.xcconfig; name = "Pods-SwiftZhiHuDayly.debug.xcconfig"; path = "Pods/Target Support Files/Pods-SwiftZhiHuDayly/Pods-SwiftZhiHuDayly.debug.xcconfig"; sourceTree = "<group>"; };
		93981BCE1DEDCFC000421EB0 /* SplashVC.swift */ = {isa = PBXFileReference; fileEncoding = 4; lastKnownFileType = sourcecode.swift; path = SplashVC.swift; sourceTree = "<group>"; };
		93981BD41DEDD19F00421EB0 /* Splash.storyboard */ = {isa = PBXFileReference; fileEncoding = 4; lastKnownFileType = file.storyboard; path = Splash.storyboard; sourceTree = "<group>"; };
		93A930371DED7579008476A0 /* SwiftZhiHuDayly.app */ = {isa = PBXFileReference; explicitFileType = wrapper.application; includeInIndex = 0; path = SwiftZhiHuDayly.app; sourceTree = BUILT_PRODUCTS_DIR; };
		93A9303A1DED7579008476A0 /* AppDelegate.swift */ = {isa = PBXFileReference; lastKnownFileType = sourcecode.swift; path = AppDelegate.swift; sourceTree = "<group>"; };
		93A930411DED7579008476A0 /* Assets.xcassets */ = {isa = PBXFileReference; lastKnownFileType = folder.assetcatalog; path = Assets.xcassets; sourceTree = "<group>"; };
		93A930441DED7579008476A0 /* Base */ = {isa = PBXFileReference; lastKnownFileType = file.storyboard; name = Base; path = Base.lproj/LaunchScreen.storyboard; sourceTree = "<group>"; };
		93A930461DED7579008476A0 /* Info.plist */ = {isa = PBXFileReference; lastKnownFileType = text.plist.xml; path = Info.plist; sourceTree = "<group>"; };
		93A9304B1DED7579008476A0 /* SwiftZhiHuDaylyTests.xctest */ = {isa = PBXFileReference; explicitFileType = wrapper.cfbundle; includeInIndex = 0; path = SwiftZhiHuDaylyTests.xctest; sourceTree = BUILT_PRODUCTS_DIR; };
		93A9304F1DED7579008476A0 /* SwiftZhiHuDaylyTests.swift */ = {isa = PBXFileReference; lastKnownFileType = sourcecode.swift; path = SwiftZhiHuDaylyTests.swift; sourceTree = "<group>"; };
		93A930511DED7579008476A0 /* Info.plist */ = {isa = PBXFileReference; lastKnownFileType = text.plist.xml; path = Info.plist; sourceTree = "<group>"; };
		9D67DD004EC2CAB3922EC2DB /* Pods_SwiftZhiHuDayly.framework */ = {isa = PBXFileReference; explicitFileType = wrapper.framework; includeInIndex = 0; path = Pods_SwiftZhiHuDayly.framework; sourceTree = BUILT_PRODUCTS_DIR; };
		C6E001948CECD870CC5E0B93 /* Pods-SwiftZhiHuDayly.release.xcconfig */ = {isa = PBXFileReference; includeInIndex = 1; lastKnownFileType = text.xcconfig; name = "Pods-SwiftZhiHuDayly.release.xcconfig"; path = "Pods/Target Support Files/Pods-SwiftZhiHuDayly/Pods-SwiftZhiHuDayly.release.xcconfig"; sourceTree = "<group>"; };
/* End PBXFileReference section */

/* Begin PBXFrameworksBuildPhase section */
		93A930341DED7579008476A0 /* Frameworks */ = {
			isa = PBXFrameworksBuildPhase;
			buildActionMask = 2147483647;
			files = (
				2B6485BF219E01CAE65B83E2 /* Pods_SwiftZhiHuDayly.framework in Frameworks */,
			);
			runOnlyForDeploymentPostprocessing = 0;
		};
		93A930481DED7579008476A0 /* Frameworks */ = {
			isa = PBXFrameworksBuildPhase;
			buildActionMask = 2147483647;
			files = (
			);
			runOnlyForDeploymentPostprocessing = 0;
		};
/* End PBXFrameworksBuildPhase section */

/* Begin PBXGroup section */
		2572B993DC1E495BF1AF18B3 /* Pods */ = {
			isa = PBXGroup;
			children = (
				4D116B531AB78E303AC01B38 /* Pods-SwiftZhiHuDayly.debug.xcconfig */,
				C6E001948CECD870CC5E0B93 /* Pods-SwiftZhiHuDayly.release.xcconfig */,
			);
			name = Pods;
			sourceTree = "<group>";
		};
		6AD055B9B54F08FC4AAE9BA4 /* Frameworks */ = {
			isa = PBXGroup;
			children = (
				9D67DD004EC2CAB3922EC2DB /* Pods_SwiftZhiHuDayly.framework */,
			);
			name = Frameworks;
			sourceTree = "<group>";
		};
		937885AC1DEDCD6B00D376CB /* modelLayer */ = {
			isa = PBXGroup;
			children = (
				937885B11DEDCE4B00D376CB /* common */,
			);
			path = modelLayer;
			sourceTree = "<group>";
		};
		937885B11DEDCE4B00D376CB /* common */ = {
			isa = PBXGroup;
			children = (
			);
			path = common;
			sourceTree = "<group>";
		};
		93981BCC1DEDCF6600421EB0 /* viewLayer */ = {
			isa = PBXGroup;
			children = (
				93981BD41DEDD19F00421EB0 /* Splash.storyboard */,
			);
			path = viewLayer;
			sourceTree = "<group>";
		};
		93981BCD1DEDCF6D00421EB0 /* controllerLayer */ = {
			isa = PBXGroup;
			children = (
				93981BCE1DEDCFC000421EB0 /* SplashVC.swift */,
			);
			path = controllerLayer;
			sourceTree = "<group>";
		};
		93A9302E1DED7579008476A0 = {
			isa = PBXGroup;
			children = (
				937885AC1DEDCD6B00D376CB /* modelLayer */,
				93A930391DED7579008476A0 /* SwiftZhiHuDayly */,
				93A9304E1DED7579008476A0 /* SwiftZhiHuDaylyTests */,
				93A930381DED7579008476A0 /* Products */,
				2572B993DC1E495BF1AF18B3 /* Pods */,
				6AD055B9B54F08FC4AAE9BA4 /* Frameworks */,
			);
			sourceTree = "<group>";
		};
		93A930381DED7579008476A0 /* Products */ = {
			isa = PBXGroup;
			children = (
				93A930371DED7579008476A0 /* SwiftZhiHuDayly.app */,
				93A9304B1DED7579008476A0 /* SwiftZhiHuDaylyTests.xctest */,
			);
			name = Products;
			sourceTree = "<group>";
		};
		93A930391DED7579008476A0 /* SwiftZhiHuDayly */ = {
			isa = PBXGroup;
			children = (
				93981BCD1DEDCF6D00421EB0 /* controllerLayer */,
				93981BCC1DEDCF6600421EB0 /* viewLayer */,
				93A9303A1DED7579008476A0 /* AppDelegate.swift */,
				93A930411DED7579008476A0 /* Assets.xcassets */,
				93A930431DED7579008476A0 /* LaunchScreen.storyboard */,
				93A930461DED7579008476A0 /* Info.plist */,
			);
			path = SwiftZhiHuDayly;
			sourceTree = "<group>";
		};
		93A9304E1DED7579008476A0 /* SwiftZhiHuDaylyTests */ = {
			isa = PBXGroup;
			children = (
				93A9304F1DED7579008476A0 /* SwiftZhiHuDaylyTests.swift */,
				93A930511DED7579008476A0 /* Info.plist */,
			);
			path = SwiftZhiHuDaylyTests;
			sourceTree = "<group>";
		};
/* End PBXGroup section */

/* Begin PBXNativeTarget section */
		93A930361DED7579008476A0 /* SwiftZhiHuDayly */ = {
			isa = PBXNativeTarget;
			buildConfigurationList = 93A930541DED7579008476A0 /* Build configuration list for PBXNativeTarget "SwiftZhiHuDayly" */;
			buildPhases = (
				9896F5EFF91086D1E52F82BE /* [CP] Check Pods Manifest.lock */,
				93A930331DED7579008476A0 /* Sources */,
				93A930341DED7579008476A0 /* Frameworks */,
				93A930351DED7579008476A0 /* Resources */,
				8867E16DDB8B2E37E20EFCD1 /* [CP] Embed Pods Frameworks */,
				89F36802CB455015D3FB10D1 /* [CP] Copy Pods Resources */,
			);
			buildRules = (
			);
			dependencies = (
			);
			name = SwiftZhiHuDayly;
			productName = SwiftZhiHuDayly;
			productReference = 93A930371DED7579008476A0 /* SwiftZhiHuDayly.app */;
			productType = "com.apple.product-type.application";
		};
		93A9304A1DED7579008476A0 /* SwiftZhiHuDaylyTests */ = {
			isa = PBXNativeTarget;
			buildConfigurationList = 93A930571DED7579008476A0 /* Build configuration list for PBXNativeTarget "SwiftZhiHuDaylyTests" */;
			buildPhases = (
				93A930471DED7579008476A0 /* Sources */,
				93A930481DED7579008476A0 /* Frameworks */,
				93A930491DED7579008476A0 /* Resources */,
			);
			buildRules = (
			);
			dependencies = (
				93A9304D1DED7579008476A0 /* PBXTargetDependency */,
			);
			name = SwiftZhiHuDaylyTests;
			productName = SwiftZhiHuDaylyTests;
			productReference = 93A9304B1DED7579008476A0 /* SwiftZhiHuDaylyTests.xctest */;
			productType = "com.apple.product-type.bundle.unit-test";
		};
/* End PBXNativeTarget section */

/* Begin PBXProject section */
		93A9302F1DED7579008476A0 /* Project object */ = {
			isa = PBXProject;
			attributes = {
				LastSwiftUpdateCheck = 0810;
				LastUpgradeCheck = 0810;
				TargetAttributes = {
					93A930361DED7579008476A0 = {
						CreatedOnToolsVersion = 8.1;
						ProvisioningStyle = Automatic;
					};
					93A9304A1DED7579008476A0 = {
						CreatedOnToolsVersion = 8.1;
						ProvisioningStyle = Automatic;
						TestTargetID = 93A930361DED7579008476A0;
					};
				};
			};
			buildConfigurationList = 93A930321DED7579008476A0 /* Build configuration list for PBXProject "SwiftZhiHuDayly" */;
			compatibilityVersion = "Xcode 3.2";
			developmentRegion = English;
			hasScannedForEncodings = 0;
			knownRegions = (
				en,
				Base,
			);
			mainGroup = 93A9302E1DED7579008476A0;
			productRefGroup = 93A930381DED7579008476A0 /* Products */;
			projectDirPath = "";
			projectRoot = "";
			targets = (
				93A930361DED7579008476A0 /* SwiftZhiHuDayly */,
				93A9304A1DED7579008476A0 /* SwiftZhiHuDaylyTests */,
			);
		};
/* End PBXProject section */

/* Begin PBXResourcesBuildPhase section */
		93A930351DED7579008476A0 /* Resources */ = {
			isa = PBXResourcesBuildPhase;
			buildActionMask = 2147483647;
			files = (
				93A930451DED7579008476A0 /* LaunchScreen.storyboard in Resources */,
				93A930421DED7579008476A0 /* Assets.xcassets in Resources */,
				93981BD51DEDD19F00421EB0 /* Splash.storyboard in Resources */,
			);
			runOnlyForDeploymentPostprocessing = 0;
		};
		93A930491DED7579008476A0 /* Resources */ = {
			isa = PBXResourcesBuildPhase;
			buildActionMask = 2147483647;
			files = (
			);
			runOnlyForDeploymentPostprocessing = 0;
		};
/* End PBXResourcesBuildPhase section */

/* Begin PBXShellScriptBuildPhase section */
		8867E16DDB8B2E37E20EFCD1 /* [CP] Embed Pods Frameworks */ = {
			isa = PBXShellScriptBuildPhase;
			buildActionMask = 2147483647;
			files = (
			);
			inputPaths = (
			);
			name = "[CP] Embed Pods Frameworks";
			outputPaths = (
			);
			runOnlyForDeploymentPostprocessing = 0;
			shellPath = /bin/sh;
			shellScript = "\"${SRCROOT}/Pods/Target Support Files/Pods-SwiftZhiHuDayly/Pods-SwiftZhiHuDayly-frameworks.sh\"\n";
			showEnvVarsInLog = 0;
		};
		89F36802CB455015D3FB10D1 /* [CP] Copy Pods Resources */ = {
			isa = PBXShellScriptBuildPhase;
			buildActionMask = 2147483647;
			files = (
			);
			inputPaths = (
			);
			name = "[CP] Copy Pods Resources";
			outputPaths = (
			);
			runOnlyForDeploymentPostprocessing = 0;
			shellPath = /bin/sh;
			shellScript = "\"${SRCROOT}/Pods/Target Support Files/Pods-SwiftZhiHuDayly/Pods-SwiftZhiHuDayly-resources.sh\"\n";
			showEnvVarsInLog = 0;
		};
		9896F5EFF91086D1E52F82BE /* [CP] Check Pods Manifest.lock */ = {
			isa = PBXShellScriptBuildPhase;
			buildActionMask = 2147483647;
			files = (
			);
			inputPaths = (
			);
			name = "[CP] Check Pods Manifest.lock";
			outputPaths = (
			);
			runOnlyForDeploymentPostprocessing = 0;
			shellPath = /bin/sh;
			shellScript = "diff \"${PODS_ROOT}/../Podfile.lock\" \"${PODS_ROOT}/Manifest.lock\" > /dev/null\nif [ $? != 0 ] ; then\n    # print error to STDERR\n    echo \"error: The sandbox is not in sync with the Podfile.lock. Run 'pod install' or update your CocoaPods installation.\" >&2\n    exit 1\nfi\n";
			showEnvVarsInLog = 0;
		};
/* End PBXShellScriptBuildPhase section */

/* Begin PBXSourcesBuildPhase section */
		93A930331DED7579008476A0 /* Sources */ = {
			isa = PBXSourcesBuildPhase;
			buildActionMask = 2147483647;
			files = (
				93A9303B1DED7579008476A0 /* AppDelegate.swift in Sources */,
				93981BD01DEDCFC000421EB0 /* SplashVC.swift in Sources */,
			);
			runOnlyForDeploymentPostprocessing = 0;
		};
		93A930471DED7579008476A0 /* Sources */ = {
			isa = PBXSourcesBuildPhase;
			buildActionMask = 2147483647;
			files = (
				93A930501DED7579008476A0 /* SwiftZhiHuDaylyTests.swift in Sources */,
			);
			runOnlyForDeploymentPostprocessing = 0;
		};
/* End PBXSourcesBuildPhase section */

/* Begin PBXTargetDependency section */
		93A9304D1DED7579008476A0 /* PBXTargetDependency */ = {
			isa = PBXTargetDependency;
			target = 93A930361DED7579008476A0 /* SwiftZhiHuDayly */;
			targetProxy = 93A9304C1DED7579008476A0 /* PBXContainerItemProxy */;
		};
/* End PBXTargetDependency section */

/* Begin PBXVariantGroup section */
		93A930431DED7579008476A0 /* LaunchScreen.storyboard */ = {
			isa = PBXVariantGroup;
			children = (
				93A930441DED7579008476A0 /* Base */,
			);
			name = LaunchScreen.storyboard;
			sourceTree = "<group>";
		};
/* End PBXVariantGroup section */

/* Begin XCBuildConfiguration section */
		93A930521DED7579008476A0 /* Debug */ = {
			isa = XCBuildConfiguration;
			buildSettings = {
				ALWAYS_SEARCH_USER_PATHS = NO;
				CLANG_ANALYZER_NONNULL = YES;
				CLANG_CXX_LANGUAGE_STANDARD = "gnu++0x";
				CLANG_CXX_LIBRARY = "libc++";
				CLANG_ENABLE_MODULES = YES;
				CLANG_ENABLE_OBJC_ARC = YES;
				CLANG_WARN_BOOL_CONVERSION = YES;
				CLANG_WARN_CONSTANT_CONVERSION = YES;
				CLANG_WARN_DIRECT_OBJC_ISA_USAGE = YES_ERROR;
				CLANG_WARN_DOCUMENTATION_COMMENTS = YES;
				CLANG_WARN_EMPTY_BODY = YES;
				CLANG_WARN_ENUM_CONVERSION = YES;
				CLANG_WARN_INFINITE_RECURSION = YES;
				CLANG_WARN_INT_CONVERSION = YES;
				CLANG_WARN_OBJC_ROOT_CLASS = YES_ERROR;
				CLANG_WARN_SUSPICIOUS_MOVES = YES;
				CLANG_WARN_UNREACHABLE_CODE = YES;
				CLANG_WARN__DUPLICATE_METHOD_MATCH = YES;
				"CODE_SIGN_IDENTITY[sdk=iphoneos*]" = "iPhone Developer";
				COPY_PHASE_STRIP = NO;
				DEBUG_INFORMATION_FORMAT = dwarf;
				ENABLE_STRICT_OBJC_MSGSEND = YES;
				ENABLE_TESTABILITY = YES;
				GCC_C_LANGUAGE_STANDARD = gnu99;
				GCC_DYNAMIC_NO_PIC = NO;
				GCC_NO_COMMON_BLOCKS = YES;
				GCC_OPTIMIZATION_LEVEL = 0;
				GCC_PREPROCESSOR_DEFINITIONS = (
					"DEBUG=1",
					"$(inherited)",
				);
				GCC_WARN_64_TO_32_BIT_CONVERSION = YES;
				GCC_WARN_ABOUT_RETURN_TYPE = YES_ERROR;
				GCC_WARN_UNDECLARED_SELECTOR = YES;
				GCC_WARN_UNINITIALIZED_AUTOS = YES_AGGRESSIVE;
				GCC_WARN_UNUSED_FUNCTION = YES;
				GCC_WARN_UNUSED_VARIABLE = YES;
				IPHONEOS_DEPLOYMENT_TARGET = 10.1;
				MTL_ENABLE_DEBUG_INFO = YES;
				ONLY_ACTIVE_ARCH = YES;
				SDKROOT = iphoneos;
				SWIFT_ACTIVE_COMPILATION_CONDITIONS = DEBUG;
				SWIFT_OPTIMIZATION_LEVEL = "-Onone";
			};
			name = Debug;
		};
		93A930531DED7579008476A0 /* Release */ = {
			isa = XCBuildConfiguration;
			buildSettings = {
				ALWAYS_SEARCH_USER_PATHS = NO;
				CLANG_ANALYZER_NONNULL = YES;
				CLANG_CXX_LANGUAGE_STANDARD = "gnu++0x";
				CLANG_CXX_LIBRARY = "libc++";
				CLANG_ENABLE_MODULES = YES;
				CLANG_ENABLE_OBJC_ARC = YES;
				CLANG_WARN_BOOL_CONVERSION = YES;
				CLANG_WARN_CONSTANT_CONVERSION = YES;
				CLANG_WARN_DIRECT_OBJC_ISA_USAGE = YES_ERROR;
				CLANG_WARN_DOCUMENTATION_COMMENTS = YES;
				CLANG_WARN_EMPTY_BODY = YES;
				CLANG_WARN_ENUM_CONVERSION = YES;
				CLANG_WARN_INFINITE_RECURSION = YES;
				CLANG_WARN_INT_CONVERSION = YES;
				CLANG_WARN_OBJC_ROOT_CLASS = YES_ERROR;
				CLANG_WARN_SUSPICIOUS_MOVES = YES;
				CLANG_WARN_UNREACHABLE_CODE = YES;
				CLANG_WARN__DUPLICATE_METHOD_MATCH = YES;
				"CODE_SIGN_IDENTITY[sdk=iphoneos*]" = "iPhone Developer";
				COPY_PHASE_STRIP = NO;
				DEBUG_INFORMATION_FORMAT = "dwarf-with-dsym";
				ENABLE_NS_ASSERTIONS = NO;
				ENABLE_STRICT_OBJC_MSGSEND = YES;
				GCC_C_LANGUAGE_STANDARD = gnu99;
				GCC_NO_COMMON_BLOCKS = YES;
				GCC_WARN_64_TO_32_BIT_CONVERSION = YES;
				GCC_WARN_ABOUT_RETURN_TYPE = YES_ERROR;
				GCC_WARN_UNDECLARED_SELECTOR = YES;
				GCC_WARN_UNINITIALIZED_AUTOS = YES_AGGRESSIVE;
				GCC_WARN_UNUSED_FUNCTION = YES;
				GCC_WARN_UNUSED_VARIABLE = YES;
				IPHONEOS_DEPLOYMENT_TARGET = 10.1;
				MTL_ENABLE_DEBUG_INFO = NO;
				SDKROOT = iphoneos;
				SWIFT_OPTIMIZATION_LEVEL = "-Owholemodule";
				VALIDATE_PRODUCT = YES;
			};
			name = Release;
		};
		93A930551DED7579008476A0 /* Debug */ = {
			isa = XCBuildConfiguration;
			baseConfigurationReference = 4D116B531AB78E303AC01B38 /* Pods-SwiftZhiHuDayly.debug.xcconfig */;
			buildSettings = {
				ASSETCATALOG_COMPILER_APPICON_NAME = AppIcon;
				INFOPLIST_FILE = SwiftZhiHuDayly/Info.plist;
				LD_RUNPATH_SEARCH_PATHS = "$(inherited) @executable_path/Frameworks";
				PRODUCT_BUNDLE_IDENTIFIER = com.drolmen.SwiftZhiHuDayly;
				PRODUCT_NAME = "$(TARGET_NAME)";
				SWIFT_VERSION = 3.0.1;
			};
			name = Debug;
		};
		93A930561DED7579008476A0 /* Release */ = {
			isa = XCBuildConfiguration;
			baseConfigurationReference = C6E001948CECD870CC5E0B93 /* Pods-SwiftZhiHuDayly.release.xcconfig */;
			buildSettings = {
				ASSETCATALOG_COMPILER_APPICON_NAME = AppIcon;
				INFOPLIST_FILE = SwiftZhiHuDayly/Info.plist;
				LD_RUNPATH_SEARCH_PATHS = "$(inherited) @executable_path/Frameworks";
				PRODUCT_BUNDLE_IDENTIFIER = com.drolmen.SwiftZhiHuDayly;
				PRODUCT_NAME = "$(TARGET_NAME)";
				SWIFT_VERSION = 3.0.1;
			};
			name = Release;
		};
		93A930581DED7579008476A0 /* Debug */ = {
			isa = XCBuildConfiguration;
			buildSettings = {
				ALWAYS_EMBED_SWIFT_STANDARD_LIBRARIES = YES;
				BUNDLE_LOADER = "$(TEST_HOST)";
				INFOPLIST_FILE = SwiftZhiHuDaylyTests/Info.plist;
				LD_RUNPATH_SEARCH_PATHS = "$(inherited) @executable_path/Frameworks @loader_path/Frameworks";
				PRODUCT_BUNDLE_IDENTIFIER = com.drolmen.SwiftZhiHuDaylyTests;
				PRODUCT_NAME = "$(TARGET_NAME)";
				SWIFT_VERSION = 3.0;
				TEST_HOST = "$(BUILT_PRODUCTS_DIR)/SwiftZhiHuDayly.app/SwiftZhiHuDayly";
			};
			name = Debug;
		};
		93A930591DED7579008476A0 /* Release */ = {
			isa = XCBuildConfiguration;
			buildSettings = {
				ALWAYS_EMBED_SWIFT_STANDARD_LIBRARIES = YES;
				BUNDLE_LOADER = "$(TEST_HOST)";
				INFOPLIST_FILE = SwiftZhiHuDaylyTests/Info.plist;
				LD_RUNPATH_SEARCH_PATHS = "$(inherited) @executable_path/Frameworks @loader_path/Frameworks";
				PRODUCT_BUNDLE_IDENTIFIER = com.drolmen.SwiftZhiHuDaylyTests;
				PRODUCT_NAME = "$(TARGET_NAME)";
				SWIFT_VERSION = 3.0;
				TEST_HOST = "$(BUILT_PRODUCTS_DIR)/SwiftZhiHuDayly.app/SwiftZhiHuDayly";
			};
			name = Release;
		};
/* End XCBuildConfiguration section */

/* Begin XCConfigurationList section */
		93A930321DED7579008476A0 /* Build configuration list for PBXProject "SwiftZhiHuDayly" */ = {
			isa = XCConfigurationList;
			buildConfigurations = (
				93A930521DED7579008476A0 /* Debug */,
				93A930531DED7579008476A0 /* Release */,
			);
			defaultConfigurationIsVisible = 0;
			defaultConfigurationName = Release;
		};
		93A930541DED7579008476A0 /* Build configuration list for PBXNativeTarget "SwiftZhiHuDayly" */ = {
			isa = XCConfigurationList;
			buildConfigurations = (
				93A930551DED7579008476A0 /* Debug */,
				93A930561DED7579008476A0 /* Release */,
			);
			defaultConfigurationIsVisible = 0;
			defaultConfigurationName = Release;
		};
		93A930571DED7579008476A0 /* Build configuration list for PBXNativeTarget "SwiftZhiHuDaylyTests" */ = {
			isa = XCConfigurationList;
			buildConfigurations = (
				93A930581DED7579008476A0 /* Debug */,
				93A930591DED7579008476A0 /* Release */,
			);
			defaultConfigurationIsVisible = 0;
			defaultConfigurationName = Release;
		};
/* End XCConfigurationList section */
	};
	rootObject = 93A9302F1DED7579008476A0 /* Project object */;
}
